// !$*UTF8*$!
{
	archiveVersion = 1;
	classes = {
	};
	objectVersion = 50;
	objects = {

/* Begin PBXBuildFile section */
		709EC7CB1F6701BADA8387B2 /* Pods_FQYHub.framework in Frameworks */ = {isa = PBXBuildFile; fileRef = E243D855936C3EFCD501CA63 /* Pods_FQYHub.framework */; };
		8B077DB922C45EAD000EED2D /* AppDelegate.swift in Sources */ = {isa = PBXBuildFile; fileRef = 8B077DB822C45EAD000EED2D /* AppDelegate.swift */; };
		8B077DBB22C45EAD000EED2D /* ViewController.swift in Sources */ = {isa = PBXBuildFile; fileRef = 8B077DBA22C45EAD000EED2D /* ViewController.swift */; };
		8B077DBE22C45EAE000EED2D /* Main.storyboard in Resources */ = {isa = PBXBuildFile; fileRef = 8B077DBC22C45EAD000EED2D /* Main.storyboard */; };
		8B077DC022C45EB0000EED2D /* Assets.xcassets in Resources */ = {isa = PBXBuildFile; fileRef = 8B077DBF22C45EB0000EED2D /* Assets.xcassets */; };
		8B077DC322C45EB0000EED2D /* LaunchScreen.storyboard in Resources */ = {isa = PBXBuildFile; fileRef = 8B077DC122C45EB0000EED2D /* LaunchScreen.storyboard */; };
		8B077DD322C4672E000EED2D /* UIView+Extension.swift in Sources */ = {isa = PBXBuildFile; fileRef = 8B077DD222C4672E000EED2D /* UIView+Extension.swift */; };
		8B077DD522C469D1000EED2D /* UIViewController+Extension.swift in Sources */ = {isa = PBXBuildFile; fileRef = 8B077DD422C469D1000EED2D /* UIViewController+Extension.swift */; };
		8B077DD722C46ACB000EED2D /* UIColor+Extension.swift in Sources */ = {isa = PBXBuildFile; fileRef = 8B077DD622C46ACB000EED2D /* UIColor+Extension.swift */; };
		8B077DD922C46E3A000EED2D /* Configs.swift in Sources */ = {isa = PBXBuildFile; fileRef = 8B077DD822C46E3A000EED2D /* Configs.swift */; };
		8B077DDB22C475CE000EED2D /* User.swift in Sources */ = {isa = PBXBuildFile; fileRef = 8B077DDA22C475CE000EED2D /* User.swift */; };
		8B077DDD22C4A351000EED2D /* GithubAPIs.swift in Sources */ = {isa = PBXBuildFile; fileRef = 8B077DDC22C4A351000EED2D /* GithubAPIs.swift */; };
		8B077DDF22C4A440000EED2D /* String+Extension.swift in Sources */ = {isa = PBXBuildFile; fileRef = 8B077DDE22C4A440000EED2D /* String+Extension.swift */; };
		8B077DE522C4A88C000EED2D /* TrendingViewController.swift in Sources */ = {isa = PBXBuildFile; fileRef = 8B077DE422C4A88C000EED2D /* TrendingViewController.swift */; };
		8B077DE722C4A90F000EED2D /* NetworkManager.swift in Sources */ = {isa = PBXBuildFile; fileRef = 8B077DE622C4A90F000EED2D /* NetworkManager.swift */; };
		8B077DE922C4AC5C000EED2D /* ReachabilityManager.swift in Sources */ = {isa = PBXBuildFile; fileRef = 8B077DE822C4AC5C000EED2D /* ReachabilityManager.swift */; };
		8B077DEC22C4B648000EED2D /* TrendingModel.swift in Sources */ = {isa = PBXBuildFile; fileRef = 8B077DEB22C4B648000EED2D /* TrendingModel.swift */; };
		8B077DEE22C4B6F0000EED2D /* TrendingViewModel.swift in Sources */ = {isa = PBXBuildFile; fileRef = 8B077DED22C4B6F0000EED2D /* TrendingViewModel.swift */; };
		8B077DF022C4C537000EED2D /* RequestAPI.swift in Sources */ = {isa = PBXBuildFile; fileRef = 8B077DEF22C4C537000EED2D /* RequestAPI.swift */; };
		8B077DF222C4C56B000EED2D /* API.swift in Sources */ = {isa = PBXBuildFile; fileRef = 8B077DF122C4C56B000EED2D /* API.swift */; };
		8B077DF522C4C848000EED2D /* TrendingAPI.swift in Sources */ = {isa = PBXBuildFile; fileRef = 8B077DF422C4C848000EED2D /* TrendingAPI.swift */; };
		8B09D65122DC7FC500E5FFB9 /* SearchViewModel.swift in Sources */ = {isa = PBXBuildFile; fileRef = 8B09D65022DC7FC500E5FFB9 /* SearchViewModel.swift */; };
		8B09D65322DC7FE400E5FFB9 /* UserSearchModel.swift in Sources */ = {isa = PBXBuildFile; fileRef = 8B09D65222DC7FE400E5FFB9 /* UserSearchModel.swift */; };
		8B09D65522DC7FF400E5FFB9 /* RepositorySearchModel.swift in Sources */ = {isa = PBXBuildFile; fileRef = 8B09D65422DC7FF400E5FFB9 /* RepositorySearchModel.swift */; };
		8B0BB7D522C5A19100DC551D /* Observable+Operators.swift in Sources */ = {isa = PBXBuildFile; fileRef = 8B0BB7D422C5A19100DC551D /* Observable+Operators.swift */; };
		8B1A5E1522D4D3A300D572F9 /* UserInfoViewController.swift in Sources */ = {isa = PBXBuildFile; fileRef = 8B1A5E1422D4D3A300D572F9 /* UserInfoViewController.swift */; };
		8B1A5E1722D4D95300D572F9 /* UserInfoHeaderView.swift in Sources */ = {isa = PBXBuildFile; fileRef = 8B1A5E1622D4D95300D572F9 /* UserInfoHeaderView.swift */; };
		8B1A5E1922D4E87B00D572F9 /* URL+Extension.swift in Sources */ = {isa = PBXBuildFile; fileRef = 8B1A5E1822D4E87B00D572F9 /* URL+Extension.swift */; };
		8B38C1CE22D82F920069D4F6 /* FollowerListViewController.swift in Sources */ = {isa = PBXBuildFile; fileRef = 8B38C1CD22D82F920069D4F6 /* FollowerListViewController.swift */; };
		8B38C1D022D82FAB0069D4F6 /* FollowingListViewController.swift in Sources */ = {isa = PBXBuildFile; fileRef = 8B38C1CF22D82FAB0069D4F6 /* FollowingListViewController.swift */; };
		8B38C1D222D833B30069D4F6 /* FollowersViewModel.swift in Sources */ = {isa = PBXBuildFile; fileRef = 8B38C1D122D833B30069D4F6 /* FollowersViewModel.swift */; };
		8B38C1D422D833C40069D4F6 /* FollowingViewModel.swift in Sources */ = {isa = PBXBuildFile; fileRef = 8B38C1D322D833C40069D4F6 /* FollowingViewModel.swift */; };
		8B3F9FBC22CEF30F00D8A4AF /* BaseCellProtocol.swift in Sources */ = {isa = PBXBuildFile; fileRef = 8B3F9FBB22CEF30F00D8A4AF /* BaseCellProtocol.swift */; };
		8B3F9FBE22CF016800D8A4AF /* SegmentControl.swift in Sources */ = {isa = PBXBuildFile; fileRef = 8B3F9FBD22CF016800D8A4AF /* SegmentControl.swift */; };
		8B3F9FC022CF30E700D8A4AF /* TrendingRepositoryCellViewModel.swift in Sources */ = {isa = PBXBuildFile; fileRef = 8B3F9FBF22CF30E700D8A4AF /* TrendingRepositoryCellViewModel.swift */; };
		8B3F9FC222CF339F00D8A4AF /* TrendingUserCellViewModel.swift in Sources */ = {isa = PBXBuildFile; fileRef = 8B3F9FC122CF339F00D8A4AF /* TrendingUserCellViewModel.swift */; };
		8B3F9FC422CF3E0800D8A4AF /* TrendingSection.swift in Sources */ = {isa = PBXBuildFile; fileRef = 8B3F9FC322CF3E0800D8A4AF /* TrendingSection.swift */; };
		8B3F9FC622CF43A000D8A4AF /* TrendingUserCell.swift in Sources */ = {isa = PBXBuildFile; fileRef = 8B3F9FC522CF43A000D8A4AF /* TrendingUserCell.swift */; };
		8B3F9FCB22CF4AF300D8A4AF /* SearchViewController.swift in Sources */ = {isa = PBXBuildFile; fileRef = 8B3F9FCA22CF4AF300D8A4AF /* SearchViewController.swift */; };
		8B3F9FCD22CF500700D8A4AF /* RepositoryDetailController.swift in Sources */ = {isa = PBXBuildFile; fileRef = 8B3F9FCC22CF500700D8A4AF /* RepositoryDetailController.swift */; };
		8B49E4ED22D3766E009D5E07 /* BaseViewController.swift in Sources */ = {isa = PBXBuildFile; fileRef = 8B49E4EC22D3766E009D5E07 /* BaseViewController.swift */; };
		8B49E4EF22D393E3009D5E07 /* WebViewController.swift in Sources */ = {isa = PBXBuildFile; fileRef = 8B49E4EE22D393E3009D5E07 /* WebViewController.swift */; };
		8B5BD5E122CF9BEB007EC605 /* Repository.swift in Sources */ = {isa = PBXBuildFile; fileRef = 8B5BD5E022CF9BEB007EC605 /* Repository.swift */; };
		8B5BD5E322CF9D9E007EC605 /* GithubAPI.swift in Sources */ = {isa = PBXBuildFile; fileRef = 8B5BD5E222CF9D9E007EC605 /* GithubAPI.swift */; };
		8B5BD5E522CFA259007EC605 /* RepositoryDetailViewModel.swift in Sources */ = {isa = PBXBuildFile; fileRef = 8B5BD5E422CFA259007EC605 /* RepositoryDetailViewModel.swift */; };
		8BDC664922D6D5DB00AF70E4 /* MineViewModel.swift in Sources */ = {isa = PBXBuildFile; fileRef = 8BDC664822D6D5DB00AF70E4 /* MineViewModel.swift */; };
		8BDC664B22D6E9E500AF70E4 /* MineCell.swift in Sources */ = {isa = PBXBuildFile; fileRef = 8BDC664A22D6E9E500AF70E4 /* MineCell.swift */; };
		8BDC664D22D71FDD00AF70E4 /* MineHeaderView.swift in Sources */ = {isa = PBXBuildFile; fileRef = 8BDC664C22D71FDD00AF70E4 /* MineHeaderView.swift */; };
		8BDC664F22D72D3900AF70E4 /* UserReposViewController.swift in Sources */ = {isa = PBXBuildFile; fileRef = 8BDC664E22D72D3900AF70E4 /* UserReposViewController.swift */; };
		8BDC665122D72F0300AF70E4 /* UserReposViewModel.swift in Sources */ = {isa = PBXBuildFile; fileRef = 8BDC665022D72F0300AF70E4 /* UserReposViewModel.swift */; };
		8BDC665322D72F6000AF70E4 /* RefreshView.swift in Sources */ = {isa = PBXBuildFile; fileRef = 8BDC665222D72F6000AF70E4 /* RefreshView.swift */; };
		8BDC665522D7324B00AF70E4 /* MJRefresh+Extension.swift in Sources */ = {isa = PBXBuildFile; fileRef = 8BDC665422D7324B00AF70E4 /* MJRefresh+Extension.swift */; };
		8BDEE7FA22CDEC9F006FB3AC /* RootViewController.swift in Sources */ = {isa = PBXBuildFile; fileRef = 8BDEE7F922CDEC9F006FB3AC /* RootViewController.swift */; };
		8BDEE7FD22CDECE3006FB3AC /* NavigationViewController.swift in Sources */ = {isa = PBXBuildFile; fileRef = 8BDEE7FC22CDECE3006FB3AC /* NavigationViewController.swift */; };
		8BDEE80422CDEE52006FB3AC /* MineViewController.swift in Sources */ = {isa = PBXBuildFile; fileRef = 8BDEE80322CDEE52006FB3AC /* MineViewController.swift */; };
		8BDEE80622CDF632006FB3AC /* ThemeManager.swift in Sources */ = {isa = PBXBuildFile; fileRef = 8BDEE80522CDF632006FB3AC /* ThemeManager.swift */; };
		8BDEE80822CDFC2A006FB3AC /* TrendingRepositoriesCell.swift in Sources */ = {isa = PBXBuildFile; fileRef = 8BDEE80722CDFC2A006FB3AC /* TrendingRepositoriesCell.swift */; };
		8BDEE80A22CE00FE006FB3AC /* BaseCell.swift in Sources */ = {isa = PBXBuildFile; fileRef = 8BDEE80922CE00FE006FB3AC /* BaseCell.swift */; };
		8BFE711E22D4815800F3761C /* RepositoryHeaderView.swift in Sources */ = {isa = PBXBuildFile; fileRef = 8BFE711D22D4815800F3761C /* RepositoryHeaderView.swift */; };
		8BFE712022D4930E00F3761C /* RepositoryInfoCell.swift in Sources */ = {isa = PBXBuildFile; fileRef = 8BFE711F22D4930E00F3761C /* RepositoryInfoCell.swift */; };
		8BFE828A22D5C3F3003EA515 /* Date+Extension.swift in Sources */ = {isa = PBXBuildFile; fileRef = 8BFE828922D5C3F3003EA515 /* Date+Extension.swift */; };
		8BFE828C22D5DAF5003EA515 /* Token.swift in Sources */ = {isa = PBXBuildFile; fileRef = 8BFE828B22D5DAF5003EA515 /* Token.swift */; };
		8BFE828E22D5E2E8003EA515 /* TokenManager.swift in Sources */ = {isa = PBXBuildFile; fileRef = 8BFE828D22D5E2E8003EA515 /* TokenManager.swift */; };
/* End PBXBuildFile section */

/* Begin PBXFileReference section */
		8B077DB522C45EAD000EED2D /* FQYHub.app */ = {isa = PBXFileReference; explicitFileType = wrapper.application; includeInIndex = 0; path = FQYHub.app; sourceTree = BUILT_PRODUCTS_DIR; };
		8B077DB822C45EAD000EED2D /* AppDelegate.swift */ = {isa = PBXFileReference; lastKnownFileType = sourcecode.swift; path = AppDelegate.swift; sourceTree = "<group>"; };
		8B077DBA22C45EAD000EED2D /* ViewController.swift */ = {isa = PBXFileReference; lastKnownFileType = sourcecode.swift; path = ViewController.swift; sourceTree = "<group>"; };
		8B077DBD22C45EAE000EED2D /* Base */ = {isa = PBXFileReference; lastKnownFileType = file.storyboard; name = Base; path = Base.lproj/Main.storyboard; sourceTree = "<group>"; };
		8B077DBF22C45EB0000EED2D /* Assets.xcassets */ = {isa = PBXFileReference; lastKnownFileType = folder.assetcatalog; path = Assets.xcassets; sourceTree = "<group>"; };
		8B077DC222C45EB0000EED2D /* Base */ = {isa = PBXFileReference; lastKnownFileType = file.storyboard; name = Base; path = Base.lproj/LaunchScreen.storyboard; sourceTree = "<group>"; };
		8B077DC422C45EB0000EED2D /* Info.plist */ = {isa = PBXFileReference; lastKnownFileType = text.plist.xml; path = Info.plist; sourceTree = "<group>"; };
		8B077DD222C4672E000EED2D /* UIView+Extension.swift */ = {isa = PBXFileReference; lastKnownFileType = sourcecode.swift; path = "UIView+Extension.swift"; sourceTree = "<group>"; };
		8B077DD422C469D1000EED2D /* UIViewController+Extension.swift */ = {isa = PBXFileReference; lastKnownFileType = sourcecode.swift; path = "UIViewController+Extension.swift"; sourceTree = "<group>"; };
		8B077DD622C46ACB000EED2D /* UIColor+Extension.swift */ = {isa = PBXFileReference; lastKnownFileType = sourcecode.swift; path = "UIColor+Extension.swift"; sourceTree = "<group>"; };
		8B077DD822C46E3A000EED2D /* Configs.swift */ = {isa = PBXFileReference; lastKnownFileType = sourcecode.swift; path = Configs.swift; sourceTree = "<group>"; };
		8B077DDA22C475CE000EED2D /* User.swift */ = {isa = PBXFileReference; lastKnownFileType = sourcecode.swift; path = User.swift; sourceTree = "<group>"; };
		8B077DDC22C4A351000EED2D /* GithubAPIs.swift */ = {isa = PBXFileReference; lastKnownFileType = sourcecode.swift; path = GithubAPIs.swift; sourceTree = "<group>"; };
		8B077DDE22C4A440000EED2D /* String+Extension.swift */ = {isa = PBXFileReference; lastKnownFileType = sourcecode.swift; path = "String+Extension.swift"; sourceTree = "<group>"; };
		8B077DE422C4A88C000EED2D /* TrendingViewController.swift */ = {isa = PBXFileReference; lastKnownFileType = sourcecode.swift; path = TrendingViewController.swift; sourceTree = "<group>"; };
		8B077DE622C4A90F000EED2D /* NetworkManager.swift */ = {isa = PBXFileReference; lastKnownFileType = sourcecode.swift; path = NetworkManager.swift; sourceTree = "<group>"; };
		8B077DE822C4AC5C000EED2D /* ReachabilityManager.swift */ = {isa = PBXFileReference; lastKnownFileType = sourcecode.swift; path = ReachabilityManager.swift; sourceTree = "<group>"; };
		8B077DEB22C4B648000EED2D /* TrendingModel.swift */ = {isa = PBXFileReference; lastKnownFileType = sourcecode.swift; path = TrendingModel.swift; sourceTree = "<group>"; };
		8B077DED22C4B6F0000EED2D /* TrendingViewModel.swift */ = {isa = PBXFileReference; lastKnownFileType = sourcecode.swift; path = TrendingViewModel.swift; sourceTree = "<group>"; };
		8B077DEF22C4C537000EED2D /* RequestAPI.swift */ = {isa = PBXFileReference; lastKnownFileType = sourcecode.swift; path = RequestAPI.swift; sourceTree = "<group>"; };
		8B077DF122C4C56B000EED2D /* API.swift */ = {isa = PBXFileReference; lastKnownFileType = sourcecode.swift; path = API.swift; sourceTree = "<group>"; };
		8B077DF422C4C848000EED2D /* TrendingAPI.swift */ = {isa = PBXFileReference; lastKnownFileType = sourcecode.swift; path = TrendingAPI.swift; sourceTree = "<group>"; };
		8B09D65022DC7FC500E5FFB9 /* SearchViewModel.swift */ = {isa = PBXFileReference; lastKnownFileType = sourcecode.swift; path = SearchViewModel.swift; sourceTree = "<group>"; };
		8B09D65222DC7FE400E5FFB9 /* UserSearchModel.swift */ = {isa = PBXFileReference; lastKnownFileType = sourcecode.swift; path = UserSearchModel.swift; sourceTree = "<group>"; };
		8B09D65422DC7FF400E5FFB9 /* RepositorySearchModel.swift */ = {isa = PBXFileReference; lastKnownFileType = sourcecode.swift; path = RepositorySearchModel.swift; sourceTree = "<group>"; };
		8B0BB7D422C5A19100DC551D /* Observable+Operators.swift */ = {isa = PBXFileReference; lastKnownFileType = sourcecode.swift; path = "Observable+Operators.swift"; sourceTree = "<group>"; };
		8B1A5E1422D4D3A300D572F9 /* UserInfoViewController.swift */ = {isa = PBXFileReference; lastKnownFileType = sourcecode.swift; path = UserInfoViewController.swift; sourceTree = "<group>"; };
		8B1A5E1622D4D95300D572F9 /* UserInfoHeaderView.swift */ = {isa = PBXFileReference; lastKnownFileType = sourcecode.swift; path = UserInfoHeaderView.swift; sourceTree = "<group>"; };
		8B1A5E1822D4E87B00D572F9 /* URL+Extension.swift */ = {isa = PBXFileReference; lastKnownFileType = sourcecode.swift; path = "URL+Extension.swift"; sourceTree = "<group>"; };
		8B38C1CD22D82F920069D4F6 /* FollowerListViewController.swift */ = {isa = PBXFileReference; lastKnownFileType = sourcecode.swift; path = FollowerListViewController.swift; sourceTree = "<group>"; };
		8B38C1CF22D82FAB0069D4F6 /* FollowingListViewController.swift */ = {isa = PBXFileReference; lastKnownFileType = sourcecode.swift; path = FollowingListViewController.swift; sourceTree = "<group>"; };
		8B38C1D122D833B30069D4F6 /* FollowersViewModel.swift */ = {isa = PBXFileReference; lastKnownFileType = sourcecode.swift; path = FollowersViewModel.swift; sourceTree = "<group>"; };
		8B38C1D322D833C40069D4F6 /* FollowingViewModel.swift */ = {isa = PBXFileReference; lastKnownFileType = sourcecode.swift; path = FollowingViewModel.swift; sourceTree = "<group>"; };
		8B3F9FBB22CEF30F00D8A4AF /* BaseCellProtocol.swift */ = {isa = PBXFileReference; lastKnownFileType = sourcecode.swift; path = BaseCellProtocol.swift; sourceTree = "<group>"; };
		8B3F9FBD22CF016800D8A4AF /* SegmentControl.swift */ = {isa = PBXFileReference; lastKnownFileType = sourcecode.swift; path = SegmentControl.swift; sourceTree = "<group>"; };
		8B3F9FBF22CF30E700D8A4AF /* TrendingRepositoryCellViewModel.swift */ = {isa = PBXFileReference; lastKnownFileType = sourcecode.swift; path = TrendingRepositoryCellViewModel.swift; sourceTree = "<group>"; };
		8B3F9FC122CF339F00D8A4AF /* TrendingUserCellViewModel.swift */ = {isa = PBXFileReference; lastKnownFileType = sourcecode.swift; path = TrendingUserCellViewModel.swift; sourceTree = "<group>"; };
		8B3F9FC322CF3E0800D8A4AF /* TrendingSection.swift */ = {isa = PBXFileReference; lastKnownFileType = sourcecode.swift; path = TrendingSection.swift; sourceTree = "<group>"; };
		8B3F9FC522CF43A000D8A4AF /* TrendingUserCell.swift */ = {isa = PBXFileReference; lastKnownFileType = sourcecode.swift; path = TrendingUserCell.swift; sourceTree = "<group>"; };
		8B3F9FCA22CF4AF300D8A4AF /* SearchViewController.swift */ = {isa = PBXFileReference; lastKnownFileType = sourcecode.swift; path = SearchViewController.swift; sourceTree = "<group>"; };
		8B3F9FCC22CF500700D8A4AF /* RepositoryDetailController.swift */ = {isa = PBXFileReference; lastKnownFileType = sourcecode.swift; path = RepositoryDetailController.swift; sourceTree = "<group>"; };
		8B49E4EC22D3766E009D5E07 /* BaseViewController.swift */ = {isa = PBXFileReference; lastKnownFileType = sourcecode.swift; path = BaseViewController.swift; sourceTree = "<group>"; };
		8B49E4EE22D393E3009D5E07 /* WebViewController.swift */ = {isa = PBXFileReference; lastKnownFileType = sourcecode.swift; path = WebViewController.swift; sourceTree = "<group>"; };
		8B5BD5E022CF9BEB007EC605 /* Repository.swift */ = {isa = PBXFileReference; lastKnownFileType = sourcecode.swift; path = Repository.swift; sourceTree = "<group>"; };
		8B5BD5E222CF9D9E007EC605 /* GithubAPI.swift */ = {isa = PBXFileReference; lastKnownFileType = sourcecode.swift; path = GithubAPI.swift; sourceTree = "<group>"; };
		8B5BD5E422CFA259007EC605 /* RepositoryDetailViewModel.swift */ = {isa = PBXFileReference; lastKnownFileType = sourcecode.swift; path = RepositoryDetailViewModel.swift; sourceTree = "<group>"; };
		8BDC664822D6D5DB00AF70E4 /* MineViewModel.swift */ = {isa = PBXFileReference; lastKnownFileType = sourcecode.swift; path = MineViewModel.swift; sourceTree = "<group>"; };
		8BDC664A22D6E9E500AF70E4 /* MineCell.swift */ = {isa = PBXFileReference; lastKnownFileType = sourcecode.swift; path = MineCell.swift; sourceTree = "<group>"; };
		8BDC664C22D71FDD00AF70E4 /* MineHeaderView.swift */ = {isa = PBXFileReference; lastKnownFileType = sourcecode.swift; path = MineHeaderView.swift; sourceTree = "<group>"; };
		8BDC664E22D72D3900AF70E4 /* UserReposViewController.swift */ = {isa = PBXFileReference; lastKnownFileType = sourcecode.swift; path = UserReposViewController.swift; sourceTree = "<group>"; };
		8BDC665022D72F0300AF70E4 /* UserReposViewModel.swift */ = {isa = PBXFileReference; lastKnownFileType = sourcecode.swift; path = UserReposViewModel.swift; sourceTree = "<group>"; };
		8BDC665222D72F6000AF70E4 /* RefreshView.swift */ = {isa = PBXFileReference; lastKnownFileType = sourcecode.swift; path = RefreshView.swift; sourceTree = "<group>"; };
		8BDC665422D7324B00AF70E4 /* MJRefresh+Extension.swift */ = {isa = PBXFileReference; lastKnownFileType = sourcecode.swift; path = "MJRefresh+Extension.swift"; sourceTree = "<group>"; };
		8BDEE7F922CDEC9F006FB3AC /* RootViewController.swift */ = {isa = PBXFileReference; lastKnownFileType = sourcecode.swift; path = RootViewController.swift; sourceTree = "<group>"; };
		8BDEE7FC22CDECE3006FB3AC /* NavigationViewController.swift */ = {isa = PBXFileReference; lastKnownFileType = sourcecode.swift; path = NavigationViewController.swift; sourceTree = "<group>"; };
		8BDEE80322CDEE52006FB3AC /* MineViewController.swift */ = {isa = PBXFileReference; lastKnownFileType = sourcecode.swift; path = MineViewController.swift; sourceTree = "<group>"; };
		8BDEE80522CDF632006FB3AC /* ThemeManager.swift */ = {isa = PBXFileReference; lastKnownFileType = sourcecode.swift; path = ThemeManager.swift; sourceTree = "<group>"; };
		8BDEE80722CDFC2A006FB3AC /* TrendingRepositoriesCell.swift */ = {isa = PBXFileReference; lastKnownFileType = sourcecode.swift; path = TrendingRepositoriesCell.swift; sourceTree = "<group>"; };
		8BDEE80922CE00FE006FB3AC /* BaseCell.swift */ = {isa = PBXFileReference; lastKnownFileType = sourcecode.swift; path = BaseCell.swift; sourceTree = "<group>"; };
		8BFE711D22D4815800F3761C /* RepositoryHeaderView.swift */ = {isa = PBXFileReference; lastKnownFileType = sourcecode.swift; path = RepositoryHeaderView.swift; sourceTree = "<group>"; };
		8BFE711F22D4930E00F3761C /* RepositoryInfoCell.swift */ = {isa = PBXFileReference; lastKnownFileType = sourcecode.swift; path = RepositoryInfoCell.swift; sourceTree = "<group>"; };
		8BFE828922D5C3F3003EA515 /* Date+Extension.swift */ = {isa = PBXFileReference; lastKnownFileType = sourcecode.swift; path = "Date+Extension.swift"; sourceTree = "<group>"; };
		8BFE828B22D5DAF5003EA515 /* Token.swift */ = {isa = PBXFileReference; lastKnownFileType = sourcecode.swift; path = Token.swift; sourceTree = "<group>"; };
		8BFE828D22D5E2E8003EA515 /* TokenManager.swift */ = {isa = PBXFileReference; lastKnownFileType = sourcecode.swift; path = TokenManager.swift; sourceTree = "<group>"; };
		D4A2D619C084A2334CE2EDCB /* Pods-FQYHub.debug.xcconfig */ = {isa = PBXFileReference; includeInIndex = 1; lastKnownFileType = text.xcconfig; name = "Pods-FQYHub.debug.xcconfig"; path = "Target Support Files/Pods-FQYHub/Pods-FQYHub.debug.xcconfig"; sourceTree = "<group>"; };
		D86DFFCB6D5AE58E07A3C085 /* Pods-FQYHub.release.xcconfig */ = {isa = PBXFileReference; includeInIndex = 1; lastKnownFileType = text.xcconfig; name = "Pods-FQYHub.release.xcconfig"; path = "Target Support Files/Pods-FQYHub/Pods-FQYHub.release.xcconfig"; sourceTree = "<group>"; };
		E243D855936C3EFCD501CA63 /* Pods_FQYHub.framework */ = {isa = PBXFileReference; explicitFileType = wrapper.framework; includeInIndex = 0; path = Pods_FQYHub.framework; sourceTree = BUILT_PRODUCTS_DIR; };
/* End PBXFileReference section */

/* Begin PBXFrameworksBuildPhase section */
		8B077DB222C45EAD000EED2D /* Frameworks */ = {
			isa = PBXFrameworksBuildPhase;
			buildActionMask = 2147483647;
			files = (
				709EC7CB1F6701BADA8387B2 /* Pods_FQYHub.framework in Frameworks */,
			);
			runOnlyForDeploymentPostprocessing = 0;
		};
/* End PBXFrameworksBuildPhase section */

/* Begin PBXGroup section */
		788B8FF2EC93EB302E499B6D /* Frameworks */ = {
			isa = PBXGroup;
			children = (
				E243D855936C3EFCD501CA63 /* Pods_FQYHub.framework */,
			);
			name = Frameworks;
			sourceTree = "<group>";
		};
		7FE9BE6811E1D068A03EA378 /* Pods */ = {
			isa = PBXGroup;
			children = (
				D4A2D619C084A2334CE2EDCB /* Pods-FQYHub.debug.xcconfig */,
				D86DFFCB6D5AE58E07A3C085 /* Pods-FQYHub.release.xcconfig */,
			);
			path = Pods;
			sourceTree = "<group>";
		};
		8B077DAC22C45EAD000EED2D = {
			isa = PBXGroup;
			children = (
				8B077DB722C45EAD000EED2D /* FQYHub */,
				8B077DB622C45EAD000EED2D /* Products */,
				7FE9BE6811E1D068A03EA378 /* Pods */,
				788B8FF2EC93EB302E499B6D /* Frameworks */,
			);
			sourceTree = "<group>";
		};
		8B077DB622C45EAD000EED2D /* Products */ = {
			isa = PBXGroup;
			children = (
				8B077DB522C45EAD000EED2D /* FQYHub.app */,
			);
			name = Products;
			sourceTree = "<group>";
		};
		8B077DB722C45EAD000EED2D /* FQYHub */ = {
			isa = PBXGroup;
			children = (
				8BDEE7FB22CDECA4006FB3AC /* NavigationController */,
				8BDEE7F822CDEC89006FB3AC /* Root */,
				8B077DD122C466F9000EED2D /* Network */,
				8B077DD022C466EB000EED2D /* Main */,
				8B077DCF22C466E3000EED2D /* Models */,
				8B077DCE22C466D6000EED2D /* Managers */,
				8B077DCD22C466CD000EED2D /* Extensions */,
				8B077DCC22C464FC000EED2D /* Configs */,
				8B077DCB22C464ED000EED2D /* Common */,
				8B077DCA22C464B2000EED2D /* Application */,
				8B077DB822C45EAD000EED2D /* AppDelegate.swift */,
				8B077DBA22C45EAD000EED2D /* ViewController.swift */,
				8B077DBC22C45EAD000EED2D /* Main.storyboard */,
				8B077DBF22C45EB0000EED2D /* Assets.xcassets */,
				8B077DC122C45EB0000EED2D /* LaunchScreen.storyboard */,
				8B077DC422C45EB0000EED2D /* Info.plist */,
			);
			path = FQYHub;
			sourceTree = "<group>";
		};
		8B077DCA22C464B2000EED2D /* Application */ = {
			isa = PBXGroup;
			children = (
			);
			path = Application;
			sourceTree = "<group>";
		};
		8B077DCB22C464ED000EED2D /* Common */ = {
			isa = PBXGroup;
			children = (
				8BDEE80922CE00FE006FB3AC /* BaseCell.swift */,
				8B3F9FBB22CEF30F00D8A4AF /* BaseCellProtocol.swift */,
				8B3F9FBD22CF016800D8A4AF /* SegmentControl.swift */,
				8B49E4EC22D3766E009D5E07 /* BaseViewController.swift */,
				8B49E4EE22D393E3009D5E07 /* WebViewController.swift */,
				8BDC665222D72F6000AF70E4 /* RefreshView.swift */,
			);
			path = Common;
			sourceTree = "<group>";
		};
		8B077DCC22C464FC000EED2D /* Configs */ = {
			isa = PBXGroup;
			children = (
				8B077DD822C46E3A000EED2D /* Configs.swift */,
			);
			path = Configs;
			sourceTree = "<group>";
		};
		8B077DCD22C466CD000EED2D /* Extensions */ = {
			isa = PBXGroup;
			children = (
				8B077DD222C4672E000EED2D /* UIView+Extension.swift */,
				8B077DD422C469D1000EED2D /* UIViewController+Extension.swift */,
				8B077DD622C46ACB000EED2D /* UIColor+Extension.swift */,
				8B077DDE22C4A440000EED2D /* String+Extension.swift */,
				8B0BB7D422C5A19100DC551D /* Observable+Operators.swift */,
				8B1A5E1822D4E87B00D572F9 /* URL+Extension.swift */,
				8BFE828922D5C3F3003EA515 /* Date+Extension.swift */,
				8BDC665422D7324B00AF70E4 /* MJRefresh+Extension.swift */,
			);
			path = Extensions;
			sourceTree = "<group>";
		};
		8B077DCE22C466D6000EED2D /* Managers */ = {
			isa = PBXGroup;
			children = (
				8B077DE822C4AC5C000EED2D /* ReachabilityManager.swift */,
				8BDEE80522CDF632006FB3AC /* ThemeManager.swift */,
				8BFE828D22D5E2E8003EA515 /* TokenManager.swift */,
			);
			path = Managers;
			sourceTree = "<group>";
		};
		8B077DCF22C466E3000EED2D /* Models */ = {
			isa = PBXGroup;
			children = (
				8B077DDA22C475CE000EED2D /* User.swift */,
				8BFE828B22D5DAF5003EA515 /* Token.swift */,
			);
			path = Models;
			sourceTree = "<group>";
		};
		8B077DD022C466EB000EED2D /* Main */ = {
			isa = PBXGroup;
			children = (
				8B3F9FC722CF4ACE00D8A4AF /* Search */,
				8BDEE7FE22CDEE23006FB3AC /* Mine */,
				8B077DE022C4A84F000EED2D /* Trending */,
			);
			path = Main;
			sourceTree = "<group>";
		};
		8B077DD122C466F9000EED2D /* Network */ = {
			isa = PBXGroup;
			children = (
				8B077DF322C4C837000EED2D /* API */,
				8B077DDC22C4A351000EED2D /* GithubAPIs.swift */,
				8B077DE622C4A90F000EED2D /* NetworkManager.swift */,
				8B077DEF22C4C537000EED2D /* RequestAPI.swift */,
				8B077DF122C4C56B000EED2D /* API.swift */,
			);
			path = Network;
			sourceTree = "<group>";
		};
		8B077DE022C4A84F000EED2D /* Trending */ = {
			isa = PBXGroup;
			children = (
				8B077DEA22C4B60C000EED2D /* Model */,
				8B077DE322C4A86C000EED2D /* Controller */,
				8B077DE222C4A866000EED2D /* ViewModel */,
				8B077DE122C4A85A000EED2D /* View */,
			);
			path = Trending;
			sourceTree = "<group>";
		};
		8B077DE122C4A85A000EED2D /* View */ = {
			isa = PBXGroup;
			children = (
				8BDEE80722CDFC2A006FB3AC /* TrendingRepositoriesCell.swift */,
				8B3F9FC522CF43A000D8A4AF /* TrendingUserCell.swift */,
				8BFE711D22D4815800F3761C /* RepositoryHeaderView.swift */,
				8BFE711F22D4930E00F3761C /* RepositoryInfoCell.swift */,
				8B1A5E1622D4D95300D572F9 /* UserInfoHeaderView.swift */,
			);
			path = View;
			sourceTree = "<group>";
		};
		8B077DE222C4A866000EED2D /* ViewModel */ = {
			isa = PBXGroup;
			children = (
				8B077DED22C4B6F0000EED2D /* TrendingViewModel.swift */,
				8B3F9FBF22CF30E700D8A4AF /* TrendingRepositoryCellViewModel.swift */,
				8B3F9FC122CF339F00D8A4AF /* TrendingUserCellViewModel.swift */,
				8B3F9FC322CF3E0800D8A4AF /* TrendingSection.swift */,
				8B5BD5E422CFA259007EC605 /* RepositoryDetailViewModel.swift */,
			);
			path = ViewModel;
			sourceTree = "<group>";
		};
		8B077DE322C4A86C000EED2D /* Controller */ = {
			isa = PBXGroup;
			children = (
				8B077DE422C4A88C000EED2D /* TrendingViewController.swift */,
				8B3F9FCC22CF500700D8A4AF /* RepositoryDetailController.swift */,
				8B1A5E1422D4D3A300D572F9 /* UserInfoViewController.swift */,
			);
			path = Controller;
			sourceTree = "<group>";
		};
		8B077DEA22C4B60C000EED2D /* Model */ = {
			isa = PBXGroup;
			children = (
				8B077DEB22C4B648000EED2D /* TrendingModel.swift */,
				8B5BD5E022CF9BEB007EC605 /* Repository.swift */,
			);
			path = Model;
			sourceTree = "<group>";
		};
		8B077DF322C4C837000EED2D /* API */ = {
			isa = PBXGroup;
			children = (
				8B077DF422C4C848000EED2D /* TrendingAPI.swift */,
				8B5BD5E222CF9D9E007EC605 /* GithubAPI.swift */,
			);
			path = API;
			sourceTree = "<group>";
		};
		8B09D64C22DC7F2700E5FFB9 /* ViewModel */ = {
			isa = PBXGroup;
			children = (
				8B09D65022DC7FC500E5FFB9 /* SearchViewModel.swift */,
			);
			path = ViewModel;
			sourceTree = "<group>";
		};
		8B09D64D22DC7F4000E5FFB9 /* Model */ = {
			isa = PBXGroup;
			children = (
				8B09D65222DC7FE400E5FFB9 /* UserSearchModel.swift */,
				8B09D65422DC7FF400E5FFB9 /* RepositorySearchModel.swift */,
			);
			path = Model;
			sourceTree = "<group>";
		};
		8B09D64E22DC7F8100E5FFB9 /* View */ = {
			isa = PBXGroup;
			children = (
			);
			path = View;
			sourceTree = "<group>";
		};
		8B3F9FC722CF4ACE00D8A4AF /* Search */ = {
			isa = PBXGroup;
			children = (
				8B09D64E22DC7F8100E5FFB9 /* View */,
				8B09D64D22DC7F4000E5FFB9 /* Model */,
				8B09D64C22DC7F2700E5FFB9 /* ViewModel */,
				8B3F9FC822CF4AD500D8A4AF /* Controller */,
			);
			path = Search;
			sourceTree = "<group>";
		};
		8B3F9FC822CF4AD500D8A4AF /* Controller */ = {
			isa = PBXGroup;
			children = (
				8B3F9FCA22CF4AF300D8A4AF /* SearchViewController.swift */,
			);
			path = Controller;
			sourceTree = "<group>";
		};
		8BDEE7F822CDEC89006FB3AC /* Root */ = {
			isa = PBXGroup;
			children = (
				8BDEE7F922CDEC9F006FB3AC /* RootViewController.swift */,
			);
			path = Root;
			sourceTree = "<group>";
		};
		8BDEE7FB22CDECA4006FB3AC /* NavigationController */ = {
			isa = PBXGroup;
			children = (
				8BDEE7FC22CDECE3006FB3AC /* NavigationViewController.swift */,
			);
			path = NavigationController;
			sourceTree = "<group>";
		};
		8BDEE7FE22CDEE23006FB3AC /* Mine */ = {
			isa = PBXGroup;
			children = (
				8BDEE80222CDEE37006FB3AC /* Controller */,
				8BDEE80122CDEE32006FB3AC /* ViewModel */,
				8BDEE80022CDEE2D006FB3AC /* Model */,
				8BDEE7FF22CDEE29006FB3AC /* View */,
			);
			path = Mine;
			sourceTree = "<group>";
		};
		8BDEE7FF22CDEE29006FB3AC /* View */ = {
			isa = PBXGroup;
			children = (
				8BDC664A22D6E9E500AF70E4 /* MineCell.swift */,
				8BDC664C22D71FDD00AF70E4 /* MineHeaderView.swift */,
			);
			path = View;
			sourceTree = "<group>";
		};
		8BDEE80022CDEE2D006FB3AC /* Model */ = {
			isa = PBXGroup;
			children = (
			);
			path = Model;
			sourceTree = "<group>";
		};
		8BDEE80122CDEE32006FB3AC /* ViewModel */ = {
			isa = PBXGroup;
			children = (
				8BDC664822D6D5DB00AF70E4 /* MineViewModel.swift */,
				8BDC665022D72F0300AF70E4 /* UserReposViewModel.swift */,
				8B38C1D122D833B30069D4F6 /* FollowersViewModel.swift */,
				8B38C1D322D833C40069D4F6 /* FollowingViewModel.swift */,
			);
			path = ViewModel;
			sourceTree = "<group>";
		};
		8BDEE80222CDEE37006FB3AC /* Controller */ = {
			isa = PBXGroup;
			children = (
				8BDEE80322CDEE52006FB3AC /* MineViewController.swift */,
				8BDC664E22D72D3900AF70E4 /* UserReposViewController.swift */,
				8B38C1CD22D82F920069D4F6 /* FollowerListViewController.swift */,
				8B38C1CF22D82FAB0069D4F6 /* FollowingListViewController.swift */,
			);
			path = Controller;
			sourceTree = "<group>";
		};
/* End PBXGroup section */

/* Begin PBXNativeTarget section */
		8B077DB422C45EAD000EED2D /* FQYHub */ = {
			isa = PBXNativeTarget;
			buildConfigurationList = 8B077DC722C45EB0000EED2D /* Build configuration list for PBXNativeTarget "FQYHub" */;
			buildPhases = (
				7066E7B1E1508DBCEA4BCA52 /* [CP] Check Pods Manifest.lock */,
				8B077DB122C45EAD000EED2D /* Sources */,
				8B077DB222C45EAD000EED2D /* Frameworks */,
				8B077DB322C45EAD000EED2D /* Resources */,
				112554765A1326F65CAA5505 /* [CP] Embed Pods Frameworks */,
			);
			buildRules = (
			);
			dependencies = (
			);
			name = FQYHub;
			productName = FQYHub;
			productReference = 8B077DB522C45EAD000EED2D /* FQYHub.app */;
			productType = "com.apple.product-type.application";
		};
/* End PBXNativeTarget section */

/* Begin PBXProject section */
		8B077DAD22C45EAD000EED2D /* Project object */ = {
			isa = PBXProject;
			attributes = {
				LastSwiftUpdateCheck = 1020;
				LastUpgradeCheck = 1020;
				ORGANIZATIONNAME = FengQingYang;
				TargetAttributes = {
					8B077DB422C45EAD000EED2D = {
						CreatedOnToolsVersion = 10.2.1;
					};
				};
			};
			buildConfigurationList = 8B077DB022C45EAD000EED2D /* Build configuration list for PBXProject "FQYHub" */;
			compatibilityVersion = "Xcode 9.3";
			developmentRegion = en;
			hasScannedForEncodings = 0;
			knownRegions = (
				en,
				Base,
			);
			mainGroup = 8B077DAC22C45EAD000EED2D;
			productRefGroup = 8B077DB622C45EAD000EED2D /* Products */;
			projectDirPath = "";
			projectRoot = "";
			targets = (
				8B077DB422C45EAD000EED2D /* FQYHub */,
			);
		};
/* End PBXProject section */

/* Begin PBXResourcesBuildPhase section */
		8B077DB322C45EAD000EED2D /* Resources */ = {
			isa = PBXResourcesBuildPhase;
			buildActionMask = 2147483647;
			files = (
				8B077DC322C45EB0000EED2D /* LaunchScreen.storyboard in Resources */,
				8B077DC022C45EB0000EED2D /* Assets.xcassets in Resources */,
				8B077DBE22C45EAE000EED2D /* Main.storyboard in Resources */,
			);
			runOnlyForDeploymentPostprocessing = 0;
		};
/* End PBXResourcesBuildPhase section */

/* Begin PBXShellScriptBuildPhase section */
		112554765A1326F65CAA5505 /* [CP] Embed Pods Frameworks */ = {
			isa = PBXShellScriptBuildPhase;
			buildActionMask = 2147483647;
			files = (
			);
			inputFileListPaths = (
			);
			inputPaths = (
				"${PODS_ROOT}/Target Support Files/Pods-FQYHub/Pods-FQYHub-frameworks.sh",
				"${BUILT_PRODUCTS_DIR}/Alamofire/Alamofire.framework",
				"${BUILT_PRODUCTS_DIR}/Differentiator/Differentiator.framework",
				"${BUILT_PRODUCTS_DIR}/HMSegmentedControl/HMSegmentedControl.framework",
				"${BUILT_PRODUCTS_DIR}/Kingfisher/Kingfisher.framework",
				"${BUILT_PRODUCTS_DIR}/MBProgressHUD/MBProgressHUD.framework",
				"${BUILT_PRODUCTS_DIR}/MJRefresh/MJRefresh.framework",
				"${BUILT_PRODUCTS_DIR}/Moya/Moya.framework",
				"${BUILT_PRODUCTS_DIR}/Moya-ObjectMapper/Moya_ObjectMapper.framework",
				"${BUILT_PRODUCTS_DIR}/NSObject+Rx/NSObject_Rx.framework",
				"${BUILT_PRODUCTS_DIR}/ObjectMapper/ObjectMapper.framework",
				"${BUILT_PRODUCTS_DIR}/ReachabilitySwift/Reachability.framework",
				"${BUILT_PRODUCTS_DIR}/Result/Result.framework",
				"${BUILT_PRODUCTS_DIR}/RxCocoa/RxCocoa.framework",
				"${BUILT_PRODUCTS_DIR}/RxDataSources/RxDataSources.framework",
				"${BUILT_PRODUCTS_DIR}/RxGesture/RxGesture.framework",
				"${BUILT_PRODUCTS_DIR}/RxOptional/RxOptional.framework",
				"${BUILT_PRODUCTS_DIR}/RxSwift/RxSwift.framework",
				"${BUILT_PRODUCTS_DIR}/RxSwiftExt/RxSwiftExt.framework",
				"${BUILT_PRODUCTS_DIR}/RxTheme/RxTheme.framework",
				"${BUILT_PRODUCTS_DIR}/RxViewController/RxViewController.framework",
				"${BUILT_PRODUCTS_DIR}/SnapKit/SnapKit.framework",
			);
			name = "[CP] Embed Pods Frameworks";
			outputFileListPaths = (
			);
			outputPaths = (
				"${TARGET_BUILD_DIR}/${FRAMEWORKS_FOLDER_PATH}/Alamofire.framework",
				"${TARGET_BUILD_DIR}/${FRAMEWORKS_FOLDER_PATH}/Differentiator.framework",
				"${TARGET_BUILD_DIR}/${FRAMEWORKS_FOLDER_PATH}/HMSegmentedControl.framework",
				"${TARGET_BUILD_DIR}/${FRAMEWORKS_FOLDER_PATH}/Kingfisher.framework",
				"${TARGET_BUILD_DIR}/${FRAMEWORKS_FOLDER_PATH}/MBProgressHUD.framework",
				"${TARGET_BUILD_DIR}/${FRAMEWORKS_FOLDER_PATH}/MJRefresh.framework",
				"${TARGET_BUILD_DIR}/${FRAMEWORKS_FOLDER_PATH}/Moya.framework",
				"${TARGET_BUILD_DIR}/${FRAMEWORKS_FOLDER_PATH}/Moya_ObjectMapper.framework",
				"${TARGET_BUILD_DIR}/${FRAMEWORKS_FOLDER_PATH}/NSObject_Rx.framework",
				"${TARGET_BUILD_DIR}/${FRAMEWORKS_FOLDER_PATH}/ObjectMapper.framework",
				"${TARGET_BUILD_DIR}/${FRAMEWORKS_FOLDER_PATH}/Reachability.framework",
				"${TARGET_BUILD_DIR}/${FRAMEWORKS_FOLDER_PATH}/Result.framework",
				"${TARGET_BUILD_DIR}/${FRAMEWORKS_FOLDER_PATH}/RxCocoa.framework",
				"${TARGET_BUILD_DIR}/${FRAMEWORKS_FOLDER_PATH}/RxDataSources.framework",
				"${TARGET_BUILD_DIR}/${FRAMEWORKS_FOLDER_PATH}/RxGesture.framework",
				"${TARGET_BUILD_DIR}/${FRAMEWORKS_FOLDER_PATH}/RxOptional.framework",
				"${TARGET_BUILD_DIR}/${FRAMEWORKS_FOLDER_PATH}/RxSwift.framework",
				"${TARGET_BUILD_DIR}/${FRAMEWORKS_FOLDER_PATH}/RxSwiftExt.framework",
				"${TARGET_BUILD_DIR}/${FRAMEWORKS_FOLDER_PATH}/RxTheme.framework",
				"${TARGET_BUILD_DIR}/${FRAMEWORKS_FOLDER_PATH}/RxViewController.framework",
				"${TARGET_BUILD_DIR}/${FRAMEWORKS_FOLDER_PATH}/SnapKit.framework",
			);
			runOnlyForDeploymentPostprocessing = 0;
			shellPath = /bin/sh;
			shellScript = "\"${PODS_ROOT}/Target Support Files/Pods-FQYHub/Pods-FQYHub-frameworks.sh\"\n";
			showEnvVarsInLog = 0;
		};
		7066E7B1E1508DBCEA4BCA52 /* [CP] Check Pods Manifest.lock */ = {
			isa = PBXShellScriptBuildPhase;
			buildActionMask = 2147483647;
			files = (
			);
			inputFileListPaths = (
			);
			inputPaths = (
				"${PODS_PODFILE_DIR_PATH}/Podfile.lock",
				"${PODS_ROOT}/Manifest.lock",
			);
			name = "[CP] Check Pods Manifest.lock";
			outputFileListPaths = (
			);
			outputPaths = (
				"$(DERIVED_FILE_DIR)/Pods-FQYHub-checkManifestLockResult.txt",
			);
			runOnlyForDeploymentPostprocessing = 0;
			shellPath = /bin/sh;
			shellScript = "diff \"${PODS_PODFILE_DIR_PATH}/Podfile.lock\" \"${PODS_ROOT}/Manifest.lock\" > /dev/null\nif [ $? != 0 ] ; then\n    # print error to STDERR\n    echo \"error: The sandbox is not in sync with the Podfile.lock. Run 'pod install' or update your CocoaPods installation.\" >&2\n    exit 1\nfi\n# This output is used by Xcode 'outputs' to avoid re-running this script phase.\necho \"SUCCESS\" > \"${SCRIPT_OUTPUT_FILE_0}\"\n";
			showEnvVarsInLog = 0;
		};
/* End PBXShellScriptBuildPhase section */

/* Begin PBXSourcesBuildPhase section */
		8B077DB122C45EAD000EED2D /* Sources */ = {
			isa = PBXSourcesBuildPhase;
			buildActionMask = 2147483647;
			files = (
				8B49E4EF22D393E3009D5E07 /* WebViewController.swift in Sources */,
				8B077DD522C469D1000EED2D /* UIViewController+Extension.swift in Sources */,
				8B38C1CE22D82F920069D4F6 /* FollowerListViewController.swift in Sources */,
				8B077DDF22C4A440000EED2D /* String+Extension.swift in Sources */,
				8BDEE7FA22CDEC9F006FB3AC /* RootViewController.swift in Sources */,
				8B077DD322C4672E000EED2D /* UIView+Extension.swift in Sources */,
				8B1A5E1922D4E87B00D572F9 /* URL+Extension.swift in Sources */,
				8B3F9FCD22CF500700D8A4AF /* RepositoryDetailController.swift in Sources */,
				8BFE828C22D5DAF5003EA515 /* Token.swift in Sources */,
				8B38C1D222D833B30069D4F6 /* FollowersViewModel.swift in Sources */,
				8B49E4ED22D3766E009D5E07 /* BaseViewController.swift in Sources */,
				8B5BD5E122CF9BEB007EC605 /* Repository.swift in Sources */,
				8BDEE80A22CE00FE006FB3AC /* BaseCell.swift in Sources */,
				8B3F9FC622CF43A000D8A4AF /* TrendingUserCell.swift in Sources */,
				8BDC664D22D71FDD00AF70E4 /* MineHeaderView.swift in Sources */,
				8B077DEE22C4B6F0000EED2D /* TrendingViewModel.swift in Sources */,
				8B5BD5E522CFA259007EC605 /* RepositoryDetailViewModel.swift in Sources */,
				8B3F9FCB22CF4AF300D8A4AF /* SearchViewController.swift in Sources */,
				8B077DEC22C4B648000EED2D /* TrendingModel.swift in Sources */,
				8B077DBB22C45EAD000EED2D /* ViewController.swift in Sources */,
				8B077DE922C4AC5C000EED2D /* ReachabilityManager.swift in Sources */,
				8B09D65522DC7FF400E5FFB9 /* RepositorySearchModel.swift in Sources */,
				8BDEE7FD22CDECE3006FB3AC /* NavigationViewController.swift in Sources */,
				8B1A5E1522D4D3A300D572F9 /* UserInfoViewController.swift in Sources */,
				8BDC664F22D72D3900AF70E4 /* UserReposViewController.swift in Sources */,
				8B077DE722C4A90F000EED2D /* NetworkManager.swift in Sources */,
				8B0BB7D522C5A19100DC551D /* Observable+Operators.swift in Sources */,
				8BFE711E22D4815800F3761C /* RepositoryHeaderView.swift in Sources */,
				8B077DDD22C4A351000EED2D /* GithubAPIs.swift in Sources */,
				8BDC665522D7324B00AF70E4 /* MJRefresh+Extension.swift in Sources */,
				8B077DB922C45EAD000EED2D /* AppDelegate.swift in Sources */,
				8BDC665122D72F0300AF70E4 /* UserReposViewModel.swift in Sources */,
				8B077DD722C46ACB000EED2D /* UIColor+Extension.swift in Sources */,
				8B077DE522C4A88C000EED2D /* TrendingViewController.swift in Sources */,
				8B3F9FC422CF3E0800D8A4AF /* TrendingSection.swift in Sources */,
				8BFE828A22D5C3F3003EA515 /* Date+Extension.swift in Sources */,
				8B077DF522C4C848000EED2D /* TrendingAPI.swift in Sources */,
				8B077DD922C46E3A000EED2D /* Configs.swift in Sources */,
				8BDC664922D6D5DB00AF70E4 /* MineViewModel.swift in Sources */,
				8BFE712022D4930E00F3761C /* RepositoryInfoCell.swift in Sources */,
				8B38C1D022D82FAB0069D4F6 /* FollowingListViewController.swift in Sources */,
				8B38C1D422D833C40069D4F6 /* FollowingViewModel.swift in Sources */,
				8BDC664B22D6E9E500AF70E4 /* MineCell.swift in Sources */,
				8B09D65122DC7FC500E5FFB9 /* SearchViewModel.swift in Sources */,
				8BDEE80422CDEE52006FB3AC /* MineViewController.swift in Sources */,
				8B077DF022C4C537000EED2D /* RequestAPI.swift in Sources */,
				8B077DF222C4C56B000EED2D /* API.swift in Sources */,
				8B09D65322DC7FE400E5FFB9 /* UserSearchModel.swift in Sources */,
				8B077DDB22C475CE000EED2D /* User.swift in Sources */,
				8B5BD5E322CF9D9E007EC605 /* GithubAPI.swift in Sources */,
				8BFE828E22D5E2E8003EA515 /* TokenManager.swift in Sources */,
				8B3F9FC022CF30E700D8A4AF /* TrendingRepositoryCellViewModel.swift in Sources */,
				8BDEE80822CDFC2A006FB3AC /* TrendingRepositoriesCell.swift in Sources */,
				8B3F9FC222CF339F00D8A4AF /* TrendingUserCellViewModel.swift in Sources */,
				8B1A5E1722D4D95300D572F9 /* UserInfoHeaderView.swift in Sources */,
				8B3F9FBE22CF016800D8A4AF /* SegmentControl.swift in Sources */,
				8BDC665322D72F6000AF70E4 /* RefreshView.swift in Sources */,
				8BDEE80622CDF632006FB3AC /* ThemeManager.swift in Sources */,
				8B3F9FBC22CEF30F00D8A4AF /* BaseCellProtocol.swift in Sources */,
			);
			runOnlyForDeploymentPostprocessing = 0;
		};
/* End PBXSourcesBuildPhase section */

/* Begin PBXVariantGroup section */
		8B077DBC22C45EAD000EED2D /* Main.storyboard */ = {
			isa = PBXVariantGroup;
			children = (
				8B077DBD22C45EAE000EED2D /* Base */,
			);
			name = Main.storyboard;
			sourceTree = "<group>";
		};
		8B077DC122C45EB0000EED2D /* LaunchScreen.storyboard */ = {
			isa = PBXVariantGroup;
			children = (
				8B077DC222C45EB0000EED2D /* Base */,
			);
			name = LaunchScreen.storyboard;
			sourceTree = "<group>";
		};
/* End PBXVariantGroup section */

/* Begin XCBuildConfiguration section */
		8B077DC522C45EB0000EED2D /* Debug */ = {
			isa = XCBuildConfiguration;
			buildSettings = {
				ALWAYS_SEARCH_USER_PATHS = NO;
				CLANG_ANALYZER_NONNULL = YES;
				CLANG_ANALYZER_NUMBER_OBJECT_CONVERSION = YES_AGGRESSIVE;
				CLANG_CXX_LANGUAGE_STANDARD = "gnu++14";
				CLANG_CXX_LIBRARY = "libc++";
				CLANG_ENABLE_MODULES = YES;
				CLANG_ENABLE_OBJC_ARC = YES;
				CLANG_ENABLE_OBJC_WEAK = YES;
				CLANG_WARN_BLOCK_CAPTURE_AUTORELEASING = YES;
				CLANG_WARN_BOOL_CONVERSION = YES;
				CLANG_WARN_COMMA = YES;
				CLANG_WARN_CONSTANT_CONVERSION = YES;
				CLANG_WARN_DEPRECATED_OBJC_IMPLEMENTATIONS = YES;
				CLANG_WARN_DIRECT_OBJC_ISA_USAGE = YES_ERROR;
				CLANG_WARN_DOCUMENTATION_COMMENTS = YES;
				CLANG_WARN_EMPTY_BODY = YES;
				CLANG_WARN_ENUM_CONVERSION = YES;
				CLANG_WARN_INFINITE_RECURSION = YES;
				CLANG_WARN_INT_CONVERSION = YES;
				CLANG_WARN_NON_LITERAL_NULL_CONVERSION = YES;
				CLANG_WARN_OBJC_IMPLICIT_RETAIN_SELF = YES;
				CLANG_WARN_OBJC_LITERAL_CONVERSION = YES;
				CLANG_WARN_OBJC_ROOT_CLASS = YES_ERROR;
				CLANG_WARN_RANGE_LOOP_ANALYSIS = YES;
				CLANG_WARN_STRICT_PROTOTYPES = YES;
				CLANG_WARN_SUSPICIOUS_MOVE = YES;
				CLANG_WARN_UNGUARDED_AVAILABILITY = YES_AGGRESSIVE;
				CLANG_WARN_UNREACHABLE_CODE = YES;
				CLANG_WARN__DUPLICATE_METHOD_MATCH = YES;
				CODE_SIGN_IDENTITY = "iPhone Developer";
				COPY_PHASE_STRIP = NO;
				DEBUG_INFORMATION_FORMAT = dwarf;
				ENABLE_STRICT_OBJC_MSGSEND = YES;
				ENABLE_TESTABILITY = YES;
				GCC_C_LANGUAGE_STANDARD = gnu11;
				GCC_DYNAMIC_NO_PIC = NO;
				GCC_NO_COMMON_BLOCKS = YES;
				GCC_OPTIMIZATION_LEVEL = 0;
				GCC_PREPROCESSOR_DEFINITIONS = (
					"DEBUG=1",
					"$(inherited)",
				);
				GCC_WARN_64_TO_32_BIT_CONVERSION = YES;
				GCC_WARN_ABOUT_RETURN_TYPE = YES_ERROR;
				GCC_WARN_UNDECLARED_SELECTOR = YES;
				GCC_WARN_UNINITIALIZED_AUTOS = YES_AGGRESSIVE;
				GCC_WARN_UNUSED_FUNCTION = YES;
				GCC_WARN_UNUSED_VARIABLE = YES;
				IPHONEOS_DEPLOYMENT_TARGET = 12.2;
				MTL_ENABLE_DEBUG_INFO = INCLUDE_SOURCE;
				MTL_FAST_MATH = YES;
				ONLY_ACTIVE_ARCH = YES;
				SDKROOT = iphoneos;
				SWIFT_ACTIVE_COMPILATION_CONDITIONS = DEBUG;
				SWIFT_OPTIMIZATION_LEVEL = "-Onone";
			};
			name = Debug;
		};
		8B077DC622C45EB0000EED2D /* Release */ = {
			isa = XCBuildConfiguration;
			buildSettings = {
				ALWAYS_SEARCH_USER_PATHS = NO;
				CLANG_ANALYZER_NONNULL = YES;
				CLANG_ANALYZER_NUMBER_OBJECT_CONVERSION = YES_AGGRESSIVE;
				CLANG_CXX_LANGUAGE_STANDARD = "gnu++14";
				CLANG_CXX_LIBRARY = "libc++";
				CLANG_ENABLE_MODULES = YES;
				CLANG_ENABLE_OBJC_ARC = YES;
				CLANG_ENABLE_OBJC_WEAK = YES;
				CLANG_WARN_BLOCK_CAPTURE_AUTORELEASING = YES;
				CLANG_WARN_BOOL_CONVERSION = YES;
				CLANG_WARN_COMMA = YES;
				CLANG_WARN_CONSTANT_CONVERSION = YES;
				CLANG_WARN_DEPRECATED_OBJC_IMPLEMENTATIONS = YES;
				CLANG_WARN_DIRECT_OBJC_ISA_USAGE = YES_ERROR;
				CLANG_WARN_DOCUMENTATION_COMMENTS = YES;
				CLANG_WARN_EMPTY_BODY = YES;
				CLANG_WARN_ENUM_CONVERSION = YES;
				CLANG_WARN_INFINITE_RECURSION = YES;
				CLANG_WARN_INT_CONVERSION = YES;
				CLANG_WARN_NON_LITERAL_NULL_CONVERSION = YES;
				CLANG_WARN_OBJC_IMPLICIT_RETAIN_SELF = YES;
				CLANG_WARN_OBJC_LITERAL_CONVERSION = YES;
				CLANG_WARN_OBJC_ROOT_CLASS = YES_ERROR;
				CLANG_WARN_RANGE_LOOP_ANALYSIS = YES;
				CLANG_WARN_STRICT_PROTOTYPES = YES;
				CLANG_WARN_SUSPICIOUS_MOVE = YES;
				CLANG_WARN_UNGUARDED_AVAILABILITY = YES_AGGRESSIVE;
				CLANG_WARN_UNREACHABLE_CODE = YES;
				CLANG_WARN__DUPLICATE_METHOD_MATCH = YES;
				CODE_SIGN_IDENTITY = "iPhone Developer";
				COPY_PHASE_STRIP = NO;
				DEBUG_INFORMATION_FORMAT = "dwarf-with-dsym";
				ENABLE_NS_ASSERTIONS = NO;
				ENABLE_STRICT_OBJC_MSGSEND = YES;
				GCC_C_LANGUAGE_STANDARD = gnu11;
				GCC_NO_COMMON_BLOCKS = YES;
				GCC_WARN_64_TO_32_BIT_CONVERSION = YES;
				GCC_WARN_ABOUT_RETURN_TYPE = YES_ERROR;
				GCC_WARN_UNDECLARED_SELECTOR = YES;
				GCC_WARN_UNINITIALIZED_AUTOS = YES_AGGRESSIVE;
				GCC_WARN_UNUSED_FUNCTION = YES;
				GCC_WARN_UNUSED_VARIABLE = YES;
				IPHONEOS_DEPLOYMENT_TARGET = 12.2;
				MTL_ENABLE_DEBUG_INFO = NO;
				MTL_FAST_MATH = YES;
				SDKROOT = iphoneos;
				SWIFT_COMPILATION_MODE = wholemodule;
				SWIFT_OPTIMIZATION_LEVEL = "-O";
				VALIDATE_PRODUCT = YES;
			};
			name = Release;
		};
		8B077DC822C45EB0000EED2D /* Debug */ = {
			isa = XCBuildConfiguration;
			baseConfigurationReference = D4A2D619C084A2334CE2EDCB /* Pods-FQYHub.debug.xcconfig */;
			buildSettings = {
				ASSETCATALOG_COMPILER_APPICON_NAME = AppIcon;
				CODE_SIGN_STYLE = Automatic;
				DEVELOPMENT_TEAM = QTXH4HQ34Z;
				INFOPLIST_FILE = FQYHub/Info.plist;
				IPHONEOS_DEPLOYMENT_TARGET = 11.0;
				LD_RUNPATH_SEARCH_PATHS = (
					"$(inherited)",
					"@executable_path/Frameworks",
				);
				PRODUCT_BUNDLE_IDENTIFIER = com.ysq.hub;
				PRODUCT_NAME = "$(TARGET_NAME)";
				SWIFT_VERSION = 5.0;
				TARGETED_DEVICE_FAMILY = 1;
			};
			name = Debug;
		};
		8B077DC922C45EB0000EED2D /* Release */ = {
			isa = XCBuildConfiguration;
			baseConfigurationReference = D86DFFCB6D5AE58E07A3C085 /* Pods-FQYHub.release.xcconfig */;
			buildSettings = {
				ASSETCATALOG_COMPILER_APPICON_NAME = AppIcon;
				CODE_SIGN_STYLE = Automatic;
				DEVELOPMENT_TEAM = QTXH4HQ34Z;
				INFOPLIST_FILE = FQYHub/Info.plist;
				IPHONEOS_DEPLOYMENT_TARGET = 11.0;
				LD_RUNPATH_SEARCH_PATHS = (
					"$(inherited)",
					"@executable_path/Frameworks",
				);
				PRODUCT_BUNDLE_IDENTIFIER = com.ysq.hub;
				PRODUCT_NAME = "$(TARGET_NAME)";
				SWIFT_VERSION = 5.0;
				TARGETED_DEVICE_FAMILY = 1;
			};
			name = Release;
		};
/* End XCBuildConfiguration section */

/* Begin XCConfigurationList section */
		8B077DB022C45EAD000EED2D /* Build configuration list for PBXProject "FQYHub" */ = {
			isa = XCConfigurationList;
			buildConfigurations = (
				8B077DC522C45EB0000EED2D /* Debug */,
				8B077DC622C45EB0000EED2D /* Release */,
			);
			defaultConfigurationIsVisible = 0;
			defaultConfigurationName = Release;
		};
		8B077DC722C45EB0000EED2D /* Build configuration list for PBXNativeTarget "FQYHub" */ = {
			isa = XCConfigurationList;
			buildConfigurations = (
				8B077DC822C45EB0000EED2D /* Debug */,
				8B077DC922C45EB0000EED2D /* Release */,
			);
			defaultConfigurationIsVisible = 0;
			defaultConfigurationName = Release;
		};
/* End XCConfigurationList section */
	};
	rootObject = 8B077DAD22C45EAD000EED2D /* Project object */;
}
